// !$*UTF8*$!
{
	archiveVersion = 1;
	classes = {
	};
	objectVersion = 50;
	objects = {

/* Begin PBXBuildFile section */
		376A37BC20D1896400FE1050 /* AppDelegate.swift in Sources */ = {isa = PBXBuildFile; fileRef = 376A37BB20D1896400FE1050 /* AppDelegate.swift */; };
		376A37BE20D1896400FE1050 /* ViewController.swift in Sources */ = {isa = PBXBuildFile; fileRef = 376A37BD20D1896400FE1050 /* ViewController.swift */; };
		376A37C120D1896400FE1050 /* Main.storyboard in Resources */ = {isa = PBXBuildFile; fileRef = 376A37BF20D1896400FE1050 /* Main.storyboard */; };
		376A37C320D1896700FE1050 /* Assets.xcassets in Resources */ = {isa = PBXBuildFile; fileRef = 376A37C220D1896700FE1050 /* Assets.xcassets */; };
		376A37C620D1896700FE1050 /* LaunchScreen.storyboard in Resources */ = {isa = PBXBuildFile; fileRef = 376A37C420D1896700FE1050 /* LaunchScreen.storyboard */; };
		376A37CF20D2C96200FE1050 /* LoginController.swift in Sources */ = {isa = PBXBuildFile; fileRef = 376A37CE20D2C96200FE1050 /* LoginController.swift */; };
/* End PBXBuildFile section */

/* Begin PBXFileReference section */
		376A37B820D1896400FE1050 /* birthday_tracker.app */ = {isa = PBXFileReference; explicitFileType = wrapper.application; includeInIndex = 0; path = birthday_tracker.app; sourceTree = BUILT_PRODUCTS_DIR; };
		376A37BB20D1896400FE1050 /* AppDelegate.swift */ = {isa = PBXFileReference; lastKnownFileType = sourcecode.swift; path = AppDelegate.swift; sourceTree = "<group>"; };
		376A37BD20D1896400FE1050 /* ViewController.swift */ = {isa = PBXFileReference; lastKnownFileType = sourcecode.swift; path = ViewController.swift; sourceTree = "<group>"; };
		376A37C020D1896400FE1050 /* Base */ = {isa = PBXFileReference; lastKnownFileType = file.storyboard; name = Base; path = Base.lproj/Main.storyboard; sourceTree = "<group>"; };
		376A37C220D1896700FE1050 /* Assets.xcassets */ = {isa = PBXFileReference; lastKnownFileType = folder.assetcatalog; path = Assets.xcassets; sourceTree = "<group>"; };
		376A37C520D1896700FE1050 /* Base */ = {isa = PBXFileReference; lastKnownFileType = file.storyboard; name = Base; path = Base.lproj/LaunchScreen.storyboard; sourceTree = "<group>"; };
		376A37C720D1896700FE1050 /* Info.plist */ = {isa = PBXFileReference; lastKnownFileType = text.plist.xml; path = Info.plist; sourceTree = "<group>"; };
		376A37CE20D2C96200FE1050 /* LoginController.swift */ = {isa = PBXFileReference; lastKnownFileType = sourcecode.swift; path = LoginController.swift; sourceTree = "<group>"; };
/* End PBXFileReference section */

/* Begin PBXFrameworksBuildPhase section */
		376A37B520D1896400FE1050 /* Frameworks */ = {
			isa = PBXFrameworksBuildPhase;
			buildActionMask = 2147483647;
			files = (
			);
			runOnlyForDeploymentPostprocessing = 0;
		};
/* End PBXFrameworksBuildPhase section */

/* Begin PBXGroup section */
		376A37AF20D1896400FE1050 = {
			isa = PBXGroup;
			children = (
				376A37BA20D1896400FE1050 /* birthday_tracker */,
				376A37B920D1896400FE1050 /* Products */,
			);
			sourceTree = "<group>";
		};
		376A37B920D1896400FE1050 /* Products */ = {
			isa = PBXGroup;
			children = (
				376A37B820D1896400FE1050 /* birthday_tracker.app */,
			);
			name = Products;
			sourceTree = "<group>";
		};
		376A37BA20D1896400FE1050 /* birthday_tracker */ = {
			isa = PBXGroup;
			children = (
				376A37CD20D2C8F800FE1050 /* Controller */,
				376A37BB20D1896400FE1050 /* AppDelegate.swift */,
				376A37BF20D1896400FE1050 /* Main.storyboard */,
				376A37C220D1896700FE1050 /* Assets.xcassets */,
				376A37C420D1896700FE1050 /* LaunchScreen.storyboard */,
				376A37C720D1896700FE1050 /* Info.plist */,
			);
			path = birthday_tracker;
			sourceTree = "<group>";
		};
		376A37CD20D2C8F800FE1050 /* Controller */ = {
			isa = PBXGroup;
			children = (
				376A37CE20D2C96200FE1050 /* LoginController.swift */,
				376A37BD20D1896400FE1050 /* ViewController.swift */,
			);
			path = Controller;
			sourceTree = "<group>";
		};
/* End PBXGroup section */

/* Begin PBXNativeTarget section */
		376A37B720D1896400FE1050 /* birthday_tracker */ = {
			isa = PBXNativeTarget;
			buildConfigurationList = 376A37CA20D1896700FE1050 /* Build configuration list for PBXNativeTarget "birthday_tracker" */;
			buildPhases = (
				376A37B420D1896400FE1050 /* Sources */,
				376A37B520D1896400FE1050 /* Frameworks */,
				376A37B620D1896400FE1050 /* Resources */,
			);
			buildRules = (
			);
			dependencies = (
			);
			name = birthday_tracker;
			productName = birthday_tracker;
			productReference = 376A37B820D1896400FE1050 /* birthday_tracker.app */;
			productType = "com.apple.product-type.application";
		};
/* End PBXNativeTarget section */

/* Begin PBXProject section */
		376A37B020D1896400FE1050 /* Project object */ = {
			isa = PBXProject;
			attributes = {
				LastSwiftUpdateCheck = 0940;
				LastUpgradeCheck = 0940;
				ORGANIZATIONNAME = Jahnvi;
				TargetAttributes = {
					376A37B720D1896400FE1050 = {
						CreatedOnToolsVersion = 9.4;
					};
				};
			};
			buildConfigurationList = 376A37B320D1896400FE1050 /* Build configuration list for PBXProject "birthday_tracker" */;
			compatibilityVersion = "Xcode 9.3";
			developmentRegion = en;
			hasScannedForEncodings = 0;
			knownRegions = (
				en,
				Base,
			);
			mainGroup = 376A37AF20D1896400FE1050;
			productRefGroup = 376A37B920D1896400FE1050 /* Products */;
			projectDirPath = "";
			projectRoot = "";
			targets = (
				376A37B720D1896400FE1050 /* birthday_tracker */,
			);
		};
/* End PBXProject section */

/* Begin PBXResourcesBuildPhase section */
		376A37B620D1896400FE1050 /* Resources */ = {
			isa = PBXResourcesBuildPhase;
			buildActionMask = 2147483647;
			files = (
				376A37C620D1896700FE1050 /* LaunchScreen.storyboard in Resources */,
				376A37C320D1896700FE1050 /* Assets.xcassets in Resources */,
				376A37C120D1896400FE1050 /* Main.storyboard in Resources */,
			);
			runOnlyForDeploymentPostprocessing = 0;
		};
/* End PBXResourcesBuildPhase section */

/* Begin PBXSourcesBuildPhase section */
		376A37B420D1896400FE1050 /* Sources */ = {
			isa = PBXSourcesBuildPhase;
			buildActionMask = 2147483647;
			files = (
				376A37BE20D1896400FE1050 /* ViewController.swift in Sources */,
				376A37CF20D2C96200FE1050 /* LoginController.swift in Sources */,
				376A37BC20D1896400FE1050 /* AppDelegate.swift in Sources */,
			);
			runOnlyForDeploymentPostprocessing = 0;
		};
/* End PBXSourcesBuildPhase section */

/* Begin PBXVariantGroup section */
		376A37BF20D1896400FE1050 /* Main.storyboard */ = {
			isa = PBXVariantGroup;
			children = (
				376A37C020D1896400FE1050 /* Base */,
			);
			name = Main.storyboard;
			sourceTree = "<group>";
		};
		376A37C420D1896700FE1050 /* LaunchScreen.storyboard */ = {
			isa = PBXVariantGroup;
			children = (
				376A37C520D1896700FE1050 /* Base */,
			);
			name = LaunchScreen.storyboard;
			sourceTree = "<group>";
		};
/* End PBXVariantGroup section */

/* Begin XCBuildConfiguration section */
		376A37C820D1896700FE1050 /* Debug */ = {
			isa = XCBuildConfiguration;
			buildSettings = {
				ALWAYS_SEARCH_USER_PATHS = NO;
				CLANG_ANALYZER_NONNULL = YES;
				CLANG_ANALYZER_NUMBER_OBJECT_CONVERSION = YES_AGGRESSIVE;
				CLANG_CXX_LANGUAGE_STANDARD = "gnu++14";
				CLANG_CXX_LIBRARY = "libc++";
				CLANG_ENABLE_MODULES = YES;
				CLANG_ENABLE_OBJC_ARC = YES;
				CLANG_ENABLE_OBJC_WEAK = YES;
				CLANG_WARN_BLOCK_CAPTURE_AUTORELEASING = YES;
				CLANG_WARN_BOOL_CONVERSION = YES;
				CLANG_WARN_COMMA = YES;
				CLANG_WARN_CONSTANT_CONVERSION = YES;
				CLANG_WARN_DEPRECATED_OBJC_IMPLEMENTATIONS = YES;
				CLANG_WARN_DIRECT_OBJC_ISA_USAGE = YES_ERROR;
				CLANG_WARN_DOCUMENTATION_COMMENTS = YES;
				CLANG_WARN_EMPTY_BODY = YES;
				CLANG_WARN_ENUM_CONVERSION = YES;
				CLANG_WARN_INFINITE_RECURSION = YES;
				CLANG_WARN_INT_CONVERSION = YES;
				CLANG_WARN_NON_LITERAL_NULL_CONVERSION = YES;
				CLANG_WARN_OBJC_IMPLICIT_RETAIN_SELF = YES;
				CLANG_WARN_OBJC_LITERAL_CONVERSION = YES;
				CLANG_WARN_OBJC_ROOT_CLASS = YES_ERROR;
				CLANG_WARN_RANGE_LOOP_ANALYSIS = YES;
				CLANG_WARN_STRICT_PROTOTYPES = YES;
				CLANG_WARN_SUSPICIOUS_MOVE = YES;
				CLANG_WARN_UNGUARDED_AVAILABILITY = YES_AGGRESSIVE;
				CLANG_WARN_UNREACHABLE_CODE = YES;
				CLANG_WARN__DUPLICATE_METHOD_MATCH = YES;
				CODE_SIGN_IDENTITY = "iPhone Developer";
				COPY_PHASE_STRIP = NO;
				DEBUG_INFORMATION_FORMAT = dwarf;
				ENABLE_STRICT_OBJC_MSGSEND = YES;
				ENABLE_TESTABILITY = YES;
				GCC_C_LANGUAGE_STANDARD = gnu11;
				GCC_DYNAMIC_NO_PIC = NO;
				GCC_NO_COMMON_BLOCKS = YES;
				GCC_OPTIMIZATION_LEVEL = 0;
				GCC_PREPROCESSOR_DEFINITIONS = (
					"DEBUG=1",
					"$(inherited)",
				);
				GCC_WARN_64_TO_32_BIT_CONVERSION = YES;
				GCC_WARN_ABOUT_RETURN_TYPE = YES_ERROR;
				GCC_WARN_UNDECLARED_SELECTOR = YES;
				GCC_WARN_UNINITIALIZED_AUTOS = YES_AGGRESSIVE;
				GCC_WARN_UNUSED_FUNCTION = YES;
				GCC_WARN_UNUSED_VARIABLE = YES;
				IPHONEOS_DEPLOYMENT_TARGET = 11.4;
				MTL_ENABLE_DEBUG_INFO = YES;
				ONLY_ACTIVE_ARCH = YES;
				SDKROOT = iphoneos;
				SWIFT_ACTIVE_COMPILATION_CONDITIONS = DEBUG;
				SWIFT_OPTIMIZATION_LEVEL = "-Onone";
			};
			name = Debug;
		};
		376A37C920D1896700FE1050 /* Release */ = {
			isa = XCBuildConfiguration;
			buildSettings = {
				ALWAYS_SEARCH_USER_PATHS = NO;
				CLANG_ANALYZER_NONNULL = YES;
				CLANG_ANALYZER_NUMBER_OBJECT_CONVERSION = YES_AGGRESSIVE;
				CLANG_CXX_LANGUAGE_STANDARD = "gnu++14";
				CLANG_CXX_LIBRARY = "libc++";
				CLANG_ENABLE_MODULES = YES;
				CLANG_ENABLE_OBJC_ARC = YES;
				CLANG_ENABLE_OBJC_WEAK = YES;
				CLANG_WARN_BLOCK_CAPTURE_AUTORELEASING = YES;
				CLANG_WARN_BOOL_CONVERSION = YES;
				CLANG_WARN_COMMA = YES;
				CLANG_WARN_CONSTANT_CONVERSION = YES;
				CLANG_WARN_DEPRECATED_OBJC_IMPLEMENTATIONS = YES;
				CLANG_WARN_DIRECT_OBJC_ISA_USAGE = YES_ERROR;
				CLANG_WARN_DOCUMENTATION_COMMENTS = YES;
				CLANG_WARN_EMPTY_BODY = YES;
				CLANG_WARN_ENUM_CONVERSION = YES;
				CLANG_WARN_INFINITE_RECURSION = YES;
				CLANG_WARN_INT_CONVERSION = YES;
				CLANG_WARN_NON_LITERAL_NULL_CONVERSION = YES;
				CLANG_WARN_OBJC_IMPLICIT_RETAIN_SELF = YES;
				CLANG_WARN_OBJC_LITERAL_CONVERSION = YES;
				CLANG_WARN_OBJC_ROOT_CLASS = YES_ERROR;
				CLANG_WARN_RANGE_LOOP_ANALYSIS = YES;
				CLANG_WARN_STRICT_PROTOTYPES = YES;
				CLANG_WARN_SUSPICIOUS_MOVE = YES;
				CLANG_WARN_UNGUARDED_AVAILABILITY = YES_AGGRESSIVE;
				CLANG_WARN_UNREACHABLE_CODE = YES;
				CLANG_WARN__DUPLICATE_METHOD_MATCH = YES;
				CODE_SIGN_IDENTITY = "iPhone Developer";
				COPY_PHASE_STRIP = NO;
				DEBUG_INFORMATION_FORMAT = "dwarf-with-dsym";
				ENABLE_NS_ASSERTIONS = NO;
				ENABLE_STRICT_OBJC_MSGSEND = YES;
				GCC_C_LANGUAGE_STANDARD = gnu11;
				GCC_NO_COMMON_BLOCKS = YES;
				GCC_WARN_64_TO_32_BIT_CONVERSION = YES;
				GCC_WARN_ABOUT_RETURN_TYPE = YES_ERROR;
				GCC_WARN_UNDECLARED_SELECTOR = YES;
				GCC_WARN_UNINITIALIZED_AUTOS = YES_AGGRESSIVE;
				GCC_WARN_UNUSED_FUNCTION = YES;
				GCC_WARN_UNUSED_VARIABLE = YES;
				IPHONEOS_DEPLOYMENT_TARGET = 11.4;
				MTL_ENABLE_DEBUG_INFO = NO;
				SDKROOT = iphoneos;
				SWIFT_COMPILATION_MODE = wholemodule;
				SWIFT_OPTIMIZATION_LEVEL = "-O";
				VALIDATE_PRODUCT = YES;
			};
			name = Release;
		};
		376A37CB20D1896700FE1050 /* Debug */ = {
			isa = XCBuildConfiguration;
			buildSettings = {
				ASSETCATALOG_COMPILER_APPICON_NAME = AppIcon;
				CODE_SIGN_STYLE = Automatic;
				INFOPLIST_FILE = birthday_tracker/Info.plist;
				LD_RUNPATH_SEARCH_PATHS = (
					"$(inherited)",
					"@executable_path/Frameworks",
				);
				PRODUCT_BUNDLE_IDENTIFIER = "com.JahnviPatel.birthday-tracker";
				PRODUCT_NAME = "$(TARGET_NAME)";
				SWIFT_VERSION = 4.0;
				TARGETED_DEVICE_FAMILY = "1,2";
			};
			name = Debug;
		};
		376A37CC20D1896700FE1050 /* Release */ = {
			isa = XCBuildConfiguration;
			buildSettings = {
				ASSETCATALOG_COMPILER_APPICON_NAME = AppIcon;
				CODE_SIGN_STYLE = Automatic;
				INFOPLIST_FILE = birthday_tracker/Info.plist;
				LD_RUNPATH_SEARCH_PATHS = (
					"$(inherited)",
					"@executable_path/Frameworks",
				);
				PRODUCT_BUNDLE_IDENTIFIER = "com.JahnviPatel.birthday-tracker";
				PRODUCT_NAME = "$(TARGET_NAME)";
				SWIFT_VERSION = 4.0;
				TARGETED_DEVICE_FAMILY = "1,2";
			};
			name = Release;
		};
/* End XCBuildConfiguration section */

/* Begin XCConfigurationList section */
		376A37B320D1896400FE1050 /* Build configuration list for PBXProject "birthday_tracker" */ = {
			isa = XCConfigurationList;
			buildConfigurations = (
				376A37C820D1896700FE1050 /* Debug */,
				376A37C920D1896700FE1050 /* Release */,
			);
			defaultConfigurationIsVisible = 0;
			defaultConfigurationName = Release;
		};
		376A37CA20D1896700FE1050 /* Build configuration list for PBXNativeTarget "birthday_tracker" */ = {
			isa = XCConfigurationList;
			buildConfigurations = (
				376A37CB20D1896700FE1050 /* Debug */,
				376A37CC20D1896700FE1050 /* Release */,
			);
			defaultConfigurationIsVisible = 0;
			defaultConfigurationName = Release;
		};
/* End XCConfigurationList section */
	};
	rootObject = 376A37B020D1896400FE1050 /* Project object */;
}
